
Microsoft Visual Studio Solution File, Format Version 12.00
# Visual Studio 15
VisualStudioVersion = 15.0.28307.438
MinimumVisualStudioVersion = 10.0.40219.1
Project("{9A19103F-16F7-4668-BE54-9A1E7A4F7556}") = "NewsFeeds.DAL", "NewsFeeds.DAL\NewsFeeds.DAL.csproj", "{7D9DE37F-014E-4E29-B709-792A7EA425E2}"
EndProject
Project("{9A19103F-16F7-4668-BE54-9A1E7A4F7556}") = "NewsFeeds.BLL", "NewsFeeds.BLL\NewsFeeds.BLL.csproj", "{6ED565D0-7031-4052-90DF-75C169D56E9D}"
EndProject
Project("{9A19103F-16F7-4668-BE54-9A1E7A4F7556}") = "NewsFeeds.API", "NewsFeeds.API\NewsFeeds.API.csproj", "{38575329-DAC3-4FE3-BA41-38FE8F9BAF75}"
EndProject
Global
	GlobalSection(SolutionConfigurationPlatforms) = preSolution
		Debug|Any CPU = Debug|Any CPU
		Release|Any CPU = Release|Any CPU
	EndGlobalSection
	GlobalSection(ProjectConfigurationPlatforms) = postSolution
		{7D9DE37F-014E-4E29-B709-792A7EA425E2}.Debug|Any CPU.ActiveCfg = Debug|Any CPU
		{7D9DE37F-014E-4E29-B709-792A7EA425E2}.Debug|Any CPU.Build.0 = Debug|Any CPU
		{7D9DE37F-014E-4E29-B709-792A7EA425E2}.Release|Any CPU.ActiveCfg = Release|Any CPU
		{7D9DE37F-014E-4E29-B709-792A7EA425E2}.Release|Any CPU.Build.0 = Release|Any CPU
		{6ED565D0-7031-4052-90DF-75C169D56E9D}.Debug|Any CPU.ActiveCfg = Debug|Any CPU
		{6ED565D0-7031-4052-90DF-75C169D56E9D}.Debug|Any CPU.Build.0 = Debug|Any CPU
		{6ED565D0-7031-4052-90DF-75C169D56E9D}.Release|Any CPU.ActiveCfg = Release|Any CPU
		{6ED565D0-7031-4052-90DF-75C169D56E9D}.Release|Any CPU.Build.0 = Release|Any CPU
		{38575329-DAC3-4FE3-BA41-38FE8F9BAF75}.Debug|Any CPU.ActiveCfg = Debug|Any CPU
		{38575329-DAC3-4FE3-BA41-38FE8F9BAF75}.Debug|Any CPU.Build.0 = Debug|Any CPU
		{38575329-DAC3-4FE3-BA41-38FE8F9BAF75}.Release|Any CPU.ActiveCfg = Release|Any CPU
		{38575329-DAC3-4FE3-BA41-38FE8F9BAF75}.Release|Any CPU.Build.0 = Release|Any CPU
	EndGlobalSection
	GlobalSection(SolutionProperties) = preSolution
		HideSolutionNode = FALSE
	EndGlobalSection
	GlobalSection(ExtensibilityGlobals) = postSolution
		SolutionGuid = {DBAEFE50-032D-4C25-8B2B-562055904396}
	EndGlobalSection
EndGlobal
